
Microsoft Visual Studio Solution File, Format Version 12.00
# Visual Studio Version 16
VisualStudioVersion = 16.0.31702.278
MinimumVisualStudioVersion = 10.0.40219.1
Project("{8BC9CEB8-8B4A-11D0-8D11-00A0C91BC942}") = "Lab4", "Lab4\Lab4.vcxproj", "{B0561A78-8E95-4030-B4CB-AF5DE8F21CC6}"
EndProject
Project("{8BC9CEB8-8B4A-11D0-8D11-00A0C91BC942}") = "Lab3", "Lab3\Lab3.vcxproj", "{548558C9-2B57-4C50-9AC4-7961BED3EB2E}"
EndProject
Project("{8BC9CEB8-8B4A-11D0-8D11-00A0C91BC942}") = "Lab5", "Lab5\Lab5.vcxproj", "{F35DA769-6453-4A0A-B573-CFC83904D2A8}"
EndProject
Project("{8BC9CEB8-8B4A-11D0-8D11-00A0C91BC942}") = "Lab6", "Lab6\Lab6.vcxproj", "{AD9DE6D5-4457-406A-A00B-18B506D16931}"
EndProject
Project("{8BC9CEB8-8B4A-11D0-8D11-00A0C91BC942}") = "Lab7", "Lab7\Lab7.vcxproj", "{58C500AA-94F7-4846-BF0E-FB6D413BBE99}"
EndProject
Global
	GlobalSection(SolutionConfigurationPlatforms) = preSolution
		Debug|Win32 = Debug|Win32
		Debug|x64 = Debug|x64
		Debug|x86 = Debug|x86
		Release|Win32 = Release|Win32
		Release|x64 = Release|x64
		Release|x86 = Release|x86
	EndGlobalSection
	GlobalSection(ProjectConfigurationPlatforms) = postSolution
		{B0561A78-8E95-4030-B4CB-AF5DE8F21CC6}.Debug|Win32.ActiveCfg = Debug|Win32
		{B0561A78-8E95-4030-B4CB-AF5DE8F21CC6}.Debug|Win32.Build.0 = Debug|Win32
		{B0561A78-8E95-4030-B4CB-AF5DE8F21CC6}.Debug|x64.ActiveCfg = Debug|x64
		{B0561A78-8E95-4030-B4CB-AF5DE8F21CC6}.Debug|x64.Build.0 = Debug|x64
		{B0561A78-8E95-4030-B4CB-AF5DE8F21CC6}.Debug|x86.ActiveCfg = Debug|Win32
		{B0561A78-8E95-4030-B4CB-AF5DE8F21CC6}.Debug|x86.Build.0 = Debug|Win32
		{B0561A78-8E95-4030-B4CB-AF5DE8F21CC6}.Release|Win32.ActiveCfg = Release|Win32
		{B0561A78-8E95-4030-B4CB-AF5DE8F21CC6}.Release|Win32.Build.0 = Release|Win32
		{B0561A78-8E95-4030-B4CB-AF5DE8F21CC6}.Release|x64.ActiveCfg = Release|Win32
		{B0561A78-8E95-4030-B4CB-AF5DE8F21CC6}.Release|x64.Build.0 = Release|Win32
		{B0561A78-8E95-4030-B4CB-AF5DE8F21CC6}.Release|x86.ActiveCfg = Release|Win32
		{B0561A78-8E95-4030-B4CB-AF5DE8F21CC6}.Release|x86.Build.0 = Release|Win32
		{548558C9-2B57-4C50-9AC4-7961BED3EB2E}.Debug|Win32.ActiveCfg = Debug|Win32
		{548558C9-2B57-4C50-9AC4-7961BED3EB2E}.Debug|Win32.Build.0 = Debug|Win32
		{548558C9-2B57-4C50-9AC4-7961BED3EB2E}.Debug|x64.ActiveCfg = Debug|x64
		{548558C9-2B57-4C50-9AC4-7961BED3EB2E}.Debug|x64.Build.0 = Debug|x64
		{548558C9-2B57-4C50-9AC4-7961BED3EB2E}.Debug|x86.ActiveCfg = Debug|Win32
		{548558C9-2B57-4C50-9AC4-7961BED3EB2E}.Debug|x86.Build.0 = Debug|Win32
		{548558C9-2B57-4C50-9AC4-7961BED3EB2E}.Release|Win32.ActiveCfg = Release|Win32
		{548558C9-2B57-4C50-9AC4-7961BED3EB2E}.Release|Win32.Build.0 = Release|Win32
		{548558C9-2B57-4C50-9AC4-7961BED3EB2E}.Release|x64.ActiveCfg = Release|Win32
		{548558C9-2B57-4C50-9AC4-7961BED3EB2E}.Release|x64.Build.0 = Release|Win32
		{548558C9-2B57-4C50-9AC4-7961BED3EB2E}.Release|x86.ActiveCfg = Release|Win32
		{548558C9-2B57-4C50-9AC4-7961BED3EB2E}.Release|x86.Build.0 = Release|Win32
		{F35DA769-6453-4A0A-B573-CFC83904D2A8}.Debug|Win32.ActiveCfg = Debug|Win32
		{F35DA769-6453-4A0A-B573-CFC83904D2A8}.Debug|Win32.Build.0 = Debug|Win32
		{F35DA769-6453-4A0A-B573-CFC83904D2A8}.Debug|x64.ActiveCfg = Debug|x64
		{F35DA769-6453-4A0A-B573-CFC83904D2A8}.Debug|x64.Build.0 = Debug|x64
		{F35DA769-6453-4A0A-B573-CFC83904D2A8}.Debug|x86.ActiveCfg = Debug|Win32
		{F35DA769-6453-4A0A-B573-CFC83904D2A8}.Debug|x86.Build.0 = Debug|Win32
		{F35DA769-6453-4A0A-B573-CFC83904D2A8}.Release|Win32.ActiveCfg = Release|Win32
		{F35DA769-6453-4A0A-B573-CFC83904D2A8}.Release|Win32.Build.0 = Release|Win32
		{F35DA769-6453-4A0A-B573-CFC83904D2A8}.Release|x64.ActiveCfg = Release|x64
		{F35DA769-6453-4A0A-B573-CFC83904D2A8}.Release|x64.Build.0 = Release|x64
		{F35DA769-6453-4A0A-B573-CFC83904D2A8}.Release|x86.ActiveCfg = Release|Win32
		{F35DA769-6453-4A0A-B573-CFC83904D2A8}.Release|x86.Build.0 = Release|Win32
		{AD9DE6D5-4457-406A-A00B-18B506D16931}.Debug|Win32.ActiveCfg = Debug|Win32
		{AD9DE6D5-4457-406A-A00B-18B506D16931}.Debug|Win32.Build.0 = Debug|Win32
		{AD9DE6D5-4457-406A-A00B-18B506D16931}.Debug|x64.ActiveCfg = Debug|x64
		{AD9DE6D5-4457-406A-A00B-18B506D16931}.Debug|x64.Build.0 = Debug|x64
		{AD9DE6D5-4457-406A-A00B-18B506D16931}.Debug|x86.ActiveCfg = Debug|Win32
		{AD9DE6D5-4457-406A-A00B-18B506D16931}.Debug|x86.Build.0 = Debug|Win32
		{AD9DE6D5-4457-406A-A00B-18B506D16931}.Release|Win32.ActiveCfg = Release|Win32
		{AD9DE6D5-4457-406A-A00B-18B506D16931}.Release|Win32.Build.0 = Release|Win32
		{AD9DE6D5-4457-406A-A00B-18B506D16931}.Release|x64.ActiveCfg = Release|x64
		{AD9DE6D5-4457-406A-A00B-18B506D16931}.Release|x64.Build.0 = Release|x64
		{AD9DE6D5-4457-406A-A00B-18B506D16931}.Release|x86.ActiveCfg = Release|Win32
		{AD9DE6D5-4457-406A-A00B-18B506D16931}.Release|x86.Build.0 = Release|Win32
		{58C500AA-94F7-4846-BF0E-FB6D413BBE99}.Debug|Win32.ActiveCfg = Debug|Win32
		{58C500AA-94F7-4846-BF0E-FB6D413BBE99}.Debug|Win32.Build.0 = Debug|Win32
		{58C500AA-94F7-4846-BF0E-FB6D413BBE99}.Debug|x64.ActiveCfg = Debug|x64
		{58C500AA-94F7-4846-BF0E-FB6D413BBE99}.Debug|x64.Build.0 = Debug|x64
		{58C500AA-94F7-4846-BF0E-FB6D413BBE99}.Debug|x86.ActiveCfg = Debug|Win32
		{58C500AA-94F7-4846-BF0E-FB6D413BBE99}.Debug|x86.Build.0 = Debug|Win32
		{58C500AA-94F7-4846-BF0E-FB6D413BBE99}.Release|Win32.ActiveCfg = Release|Win32
		{58C500AA-94F7-4846-BF0E-FB6D413BBE99}.Release|Win32.Build.0 = Release|Win32
		{58C500AA-94F7-4846-BF0E-FB6D413BBE99}.Release|x64.ActiveCfg = Release|x64
		{58C500AA-94F7-4846-BF0E-FB6D413BBE99}.Release|x64.Build.0 = Release|x64
		{58C500AA-94F7-4846-BF0E-FB6D413BBE99}.Release|x86.ActiveCfg = Release|Win32
		{58C500AA-94F7-4846-BF0E-FB6D413BBE99}.Release|x86.Build.0 = Release|Win32
	EndGlobalSection
	GlobalSection(SolutionProperties) = preSolution
		HideSolutionNode = FALSE
	EndGlobalSection
	GlobalSection(ExtensibilityGlobals) = postSolution
		SolutionGuid = {9CE0F67F-C087-4607-A7B0-9E48BA066CB9}
	EndGlobalSection
EndGlobal
